
Microsoft Visual Studio Solution File, Format Version 12.00
# Visual Studio Version 16
VisualStudioVersion = 16.0.31702.278
MinimumVisualStudioVersion = 10.0.40219.1
Project("{FAE04EC0-301F-11D3-BF4B-00C04F79EFBC}") = "WebClient", "WebClient\WebClient.csproj", "{AAAFE98E-A4F0-4282-AEA0-E2AB336CFB0C}"
EndProject
Global
	GlobalSection(SolutionConfigurationPlatforms) = preSolution
		Debug|Any CPU = Debug|Any CPU
		Release|Any CPU = Release|Any CPU
	EndGlobalSection
	GlobalSection(ProjectConfigurationPlatforms) = postSolution
		{AAAFE98E-A4F0-4282-AEA0-E2AB336CFB0C}.Debug|Any CPU.ActiveCfg = Debug|Any CPU
		{AAAFE98E-A4F0-4282-AEA0-E2AB336CFB0C}.Debug|Any CPU.Build.0 = Debug|Any CPU
		{AAAFE98E-A4F0-4282-AEA0-E2AB336CFB0C}.Release|Any CPU.ActiveCfg = Release|Any CPU
		{AAAFE98E-A4F0-4282-AEA0-E2AB336CFB0C}.Release|Any CPU.Build.0 = Release|Any CPU
	EndGlobalSection
	GlobalSection(SolutionProperties) = preSolution
		HideSolutionNode = FALSE
	EndGlobalSection
	GlobalSection(ExtensibilityGlobals) = postSolution
		SolutionGuid = {31055E26-50C6-443C-B7BF-1D7E0D70D212}
	EndGlobalSection
EndGlobal
